// !$*UTF8*$!
{
	archiveVersion = 1;
	classes = {
	};
	objectVersion = 46;
	objects = {

/* Begin PBXBuildFile section */
		A14A725525CC110A1F71B893 /* Pods_MovieList.framework in Frameworks */ = {isa = PBXBuildFile; fileRef = E40C0964FC32DF0F9361D418 /* Pods_MovieList.framework */; };
		E786AA3B1F4C439B004A76E8 /* AppDelegate.swift in Sources */ = {isa = PBXBuildFile; fileRef = E786AA3A1F4C439B004A76E8 /* AppDelegate.swift */; };
		E786AA3D1F4C439B004A76E8 /* ViewController.swift in Sources */ = {isa = PBXBuildFile; fileRef = E786AA3C1F4C439B004A76E8 /* ViewController.swift */; };
		E786AA421F4C439B004A76E8 /* Assets.xcassets in Resources */ = {isa = PBXBuildFile; fileRef = E786AA411F4C439B004A76E8 /* Assets.xcassets */; };
		E786AA451F4C439B004A76E8 /* LaunchScreen.storyboard in Resources */ = {isa = PBXBuildFile; fileRef = E786AA431F4C439B004A76E8 /* LaunchScreen.storyboard */; };
		E786AA551F4C4667004A76E8 /* MovieCell.swift in Sources */ = {isa = PBXBuildFile; fileRef = E786AA541F4C4667004A76E8 /* MovieCell.swift */; };
		E786AA571F4C468F004A76E8 /* Movie.swift in Sources */ = {isa = PBXBuildFile; fileRef = E786AA561F4C468F004A76E8 /* Movie.swift */; };
		E786AA5B1F4C4806004A76E8 /* ImageCachable.swift in Sources */ = {isa = PBXBuildFile; fileRef = E786AA5A1F4C4806004A76E8 /* ImageCachable.swift */; };
		E7F77F861F4EBABA00576125 /* MoviesService.swift in Sources */ = {isa = PBXBuildFile; fileRef = E7F77F851F4EBABA00576125 /* MoviesService.swift */; };
/* End PBXBuildFile section */

/* Begin PBXFileReference section */
		E40C0964FC32DF0F9361D418 /* Pods_MovieList.framework */ = {isa = PBXFileReference; explicitFileType = wrapper.framework; includeInIndex = 0; path = Pods_MovieList.framework; sourceTree = BUILT_PRODUCTS_DIR; };
		E786AA371F4C439B004A76E8 /* MovieList.app */ = {isa = PBXFileReference; explicitFileType = wrapper.application; includeInIndex = 0; path = MovieList.app; sourceTree = BUILT_PRODUCTS_DIR; };
		E786AA3A1F4C439B004A76E8 /* AppDelegate.swift */ = {isa = PBXFileReference; lastKnownFileType = sourcecode.swift; path = AppDelegate.swift; sourceTree = "<group>"; };
		E786AA3C1F4C439B004A76E8 /* ViewController.swift */ = {isa = PBXFileReference; lastKnownFileType = sourcecode.swift; path = ViewController.swift; sourceTree = "<group>"; };
		E786AA411F4C439B004A76E8 /* Assets.xcassets */ = {isa = PBXFileReference; lastKnownFileType = folder.assetcatalog; path = Assets.xcassets; sourceTree = "<group>"; };
		E786AA441F4C439B004A76E8 /* Base */ = {isa = PBXFileReference; lastKnownFileType = file.storyboard; name = Base; path = Base.lproj/LaunchScreen.storyboard; sourceTree = "<group>"; };
		E786AA461F4C439B004A76E8 /* Info.plist */ = {isa = PBXFileReference; lastKnownFileType = text.plist.xml; path = Info.plist; sourceTree = "<group>"; };
		E786AA541F4C4667004A76E8 /* MovieCell.swift */ = {isa = PBXFileReference; fileEncoding = 4; lastKnownFileType = sourcecode.swift; path = MovieCell.swift; sourceTree = "<group>"; };
		E786AA561F4C468F004A76E8 /* Movie.swift */ = {isa = PBXFileReference; fileEncoding = 4; lastKnownFileType = sourcecode.swift; path = Movie.swift; sourceTree = "<group>"; };
		E786AA5A1F4C4806004A76E8 /* ImageCachable.swift */ = {isa = PBXFileReference; fileEncoding = 4; lastKnownFileType = sourcecode.swift; path = ImageCachable.swift; sourceTree = "<group>"; };
		E7F77F851F4EBABA00576125 /* MoviesService.swift */ = {isa = PBXFileReference; fileEncoding = 4; lastKnownFileType = sourcecode.swift; path = MoviesService.swift; sourceTree = "<group>"; };
		F527242BC564A47F5BAD67C4 /* Pods-MovieList.debug.xcconfig */ = {isa = PBXFileReference; includeInIndex = 1; lastKnownFileType = text.xcconfig; name = "Pods-MovieList.debug.xcconfig"; path = "Pods/Target Support Files/Pods-MovieList/Pods-MovieList.debug.xcconfig"; sourceTree = "<group>"; };
		F86CFA5071992A6FA7A74E32 /* Pods-MovieList.release.xcconfig */ = {isa = PBXFileReference; includeInIndex = 1; lastKnownFileType = text.xcconfig; name = "Pods-MovieList.release.xcconfig"; path = "Pods/Target Support Files/Pods-MovieList/Pods-MovieList.release.xcconfig"; sourceTree = "<group>"; };
/* End PBXFileReference section */

/* Begin PBXFrameworksBuildPhase section */
		E786AA341F4C439B004A76E8 /* Frameworks */ = {
			isa = PBXFrameworksBuildPhase;
			buildActionMask = 2147483647;
			files = (
				A14A725525CC110A1F71B893 /* Pods_MovieList.framework in Frameworks */,
			);
			runOnlyForDeploymentPostprocessing = 0;
		};
/* End PBXFrameworksBuildPhase section */

/* Begin PBXGroup section */
		1B523C1F1663557DF9B274C9 /* Pods */ = {
			isa = PBXGroup;
			children = (
				F527242BC564A47F5BAD67C4 /* Pods-MovieList.debug.xcconfig */,
				F86CFA5071992A6FA7A74E32 /* Pods-MovieList.release.xcconfig */,
			);
			name = Pods;
			sourceTree = "<group>";
		};
		9FCC32B53714B97DAE651724 /* Frameworks */ = {
			isa = PBXGroup;
			children = (
				E40C0964FC32DF0F9361D418 /* Pods_MovieList.framework */,
			);
			name = Frameworks;
			sourceTree = "<group>";
		};
		E786AA2E1F4C439B004A76E8 = {
			isa = PBXGroup;
			children = (
				E786AA391F4C439B004A76E8 /* MovieList */,
				E786AA381F4C439B004A76E8 /* Products */,
				1B523C1F1663557DF9B274C9 /* Pods */,
				9FCC32B53714B97DAE651724 /* Frameworks */,
			);
			sourceTree = "<group>";
		};
		E786AA381F4C439B004A76E8 /* Products */ = {
			isa = PBXGroup;
			children = (
				E786AA371F4C439B004A76E8 /* MovieList.app */,
			);
			name = Products;
			sourceTree = "<group>";
		};
		E786AA391F4C439B004A76E8 /* MovieList */ = {
			isa = PBXGroup;
			children = (
				E786AA4D1F4C45A4004A76E8 /* Model */,
				E786AA4F1F4C45AC004A76E8 /* View */,
				E786AA4E1F4C45A6004A76E8 /* Controller */,
				E786AA4C1F4C45A2004A76E8 /* Service */,
				E786AA511F4C45E3004A76E8 /* Protocols */,
				E786AA501F4C45CF004A76E8 /* Resources */,
			);
			path = MovieList;
			sourceTree = "<group>";
		};
		E786AA4C1F4C45A2004A76E8 /* Service */ = {
			isa = PBXGroup;
			children = (
				E7F77F851F4EBABA00576125 /* MoviesService.swift */,
			);
			name = Service;
			sourceTree = "<group>";
		};
		E786AA4D1F4C45A4004A76E8 /* Model */ = {
			isa = PBXGroup;
			children = (
				E786AA561F4C468F004A76E8 /* Movie.swift */,
			);
			name = Model;
			sourceTree = "<group>";
		};
		E786AA4E1F4C45A6004A76E8 /* Controller */ = {
			isa = PBXGroup;
			children = (
				E786AA3C1F4C439B004A76E8 /* ViewController.swift */,
			);
			name = Controller;
			sourceTree = "<group>";
		};
		E786AA4F1F4C45AC004A76E8 /* View */ = {
			isa = PBXGroup;
			children = (
				E786AA541F4C4667004A76E8 /* MovieCell.swift */,
			);
			name = View;
			sourceTree = "<group>";
		};
		E786AA501F4C45CF004A76E8 /* Resources */ = {
			isa = PBXGroup;
			children = (
				E786AA411F4C439B004A76E8 /* Assets.xcassets */,
				E786AA431F4C439B004A76E8 /* LaunchScreen.storyboard */,
				E786AA3A1F4C439B004A76E8 /* AppDelegate.swift */,
				E786AA461F4C439B004A76E8 /* Info.plist */,
			);
			name = Resources;
			sourceTree = "<group>";
		};
		E786AA511F4C45E3004A76E8 /* Protocols */ = {
			isa = PBXGroup;
			children = (
				E786AA5A1F4C4806004A76E8 /* ImageCachable.swift */,
			);
			name = Protocols;
			sourceTree = "<group>";
		};
/* End PBXGroup section */

/* Begin PBXNativeTarget section */
		E786AA361F4C439B004A76E8 /* MovieList */ = {
			isa = PBXNativeTarget;
			buildConfigurationList = E786AA491F4C439B004A76E8 /* Build configuration list for PBXNativeTarget "MovieList" */;
			buildPhases = (
				6A4E20F553D6AA6E23C2AF3C /* [CP] Check Pods Manifest.lock */,
				E786AA331F4C439B004A76E8 /* Sources */,
				E786AA341F4C439B004A76E8 /* Frameworks */,
				E786AA351F4C439B004A76E8 /* Resources */,
				0F4DB93AA36EB81612406B74 /* [CP] Embed Pods Frameworks */,
				A61CA9092C86234C1846B449 /* [CP] Copy Pods Resources */,
			);
			buildRules = (
			);
			dependencies = (
			);
			name = MovieList;
			productName = MovieList;
			productReference = E786AA371F4C439B004A76E8 /* MovieList.app */;
			productType = "com.apple.product-type.application";
		};
/* End PBXNativeTarget section */

/* Begin PBXProject section */
		E786AA2F1F4C439B004A76E8 /* Project object */ = {
			isa = PBXProject;
			attributes = {
				LastSwiftUpdateCheck = 0820;
				LastUpgradeCheck = 0820;
				ORGANIZATIONNAME = "Kacper Kowalski";
				TargetAttributes = {
					E786AA361F4C439B004A76E8 = {
						CreatedOnToolsVersion = 8.2.1;
						DevelopmentTeam = T4X24HGEFA;
						ProvisioningStyle = Automatic;
					};
				};
			};
			buildConfigurationList = E786AA321F4C439B004A76E8 /* Build configuration list for PBXProject "MovieList" */;
			compatibilityVersion = "Xcode 3.2";
			developmentRegion = English;
			hasScannedForEncodings = 0;
			knownRegions = (
				en,
				Base,
			);
			mainGroup = E786AA2E1F4C439B004A76E8;
			productRefGroup = E786AA381F4C439B004A76E8 /* Products */;
			projectDirPath = "";
			projectRoot = "";
			targets = (
				E786AA361F4C439B004A76E8 /* MovieList */,
			);
		};
/* End PBXProject section */

/* Begin PBXResourcesBuildPhase section */
		E786AA351F4C439B004A76E8 /* Resources */ = {
			isa = PBXResourcesBuildPhase;
			buildActionMask = 2147483647;
			files = (
				E786AA451F4C439B004A76E8 /* LaunchScreen.storyboard in Resources */,
				E786AA421F4C439B004A76E8 /* Assets.xcassets in Resources */,
			);
			runOnlyForDeploymentPostprocessing = 0;
		};
/* End PBXResourcesBuildPhase section */

/* Begin PBXShellScriptBuildPhase section */
		0F4DB93AA36EB81612406B74 /* [CP] Embed Pods Frameworks */ = {
			isa = PBXShellScriptBuildPhase;
			buildActionMask = 2147483647;
			files = (
			);
			inputPaths = (
			);
			name = "[CP] Embed Pods Frameworks";
			outputPaths = (
			);
			runOnlyForDeploymentPostprocessing = 0;
			shellPath = /bin/sh;
			shellScript = "\"${SRCROOT}/Pods/Target Support Files/Pods-MovieList/Pods-MovieList-frameworks.sh\"\n";
			showEnvVarsInLog = 0;
		};
		6A4E20F553D6AA6E23C2AF3C /* [CP] Check Pods Manifest.lock */ = {
			isa = PBXShellScriptBuildPhase;
			buildActionMask = 2147483647;
			files = (
			);
			inputPaths = (
			);
			name = "[CP] Check Pods Manifest.lock";
			outputPaths = (
			);
			runOnlyForDeploymentPostprocessing = 0;
			shellPath = /bin/sh;
			shellScript = "diff \"${PODS_ROOT}/../Podfile.lock\" \"${PODS_ROOT}/Manifest.lock\" > /dev/null\nif [ $? != 0 ] ; then\n    # print error to STDERR\n    echo \"error: The sandbox is not in sync with the Podfile.lock. Run 'pod install' or update your CocoaPods installation.\" >&2\n    exit 1\nfi\n";
			showEnvVarsInLog = 0;
		};
		A61CA9092C86234C1846B449 /* [CP] Copy Pods Resources */ = {
			isa = PBXShellScriptBuildPhase;
			buildActionMask = 2147483647;
			files = (
			);
			inputPaths = (
			);
			name = "[CP] Copy Pods Resources";
			outputPaths = (
			);
			runOnlyForDeploymentPostprocessing = 0;
			shellPath = /bin/sh;
			shellScript = "\"${SRCROOT}/Pods/Target Support Files/Pods-MovieList/Pods-MovieList-resources.sh\"\n";
			showEnvVarsInLog = 0;
		};
/* End PBXShellScriptBuildPhase section */

/* Begin PBXSourcesBuildPhase section */
		E786AA331F4C439B004A76E8 /* Sources */ = {
			isa = PBXSourcesBuildPhase;
			buildActionMask = 2147483647;
			files = (
				E786AA3D1F4C439B004A76E8 /* ViewController.swift in Sources */,
				E786AA3B1F4C439B004A76E8 /* AppDelegate.swift in Sources */,
				E786AA571F4C468F004A76E8 /* Movie.swift in Sources */,
				E7F77F861F4EBABA00576125 /* MoviesService.swift in Sources */,
				E786AA5B1F4C4806004A76E8 /* ImageCachable.swift in Sources */,
				E786AA551F4C4667004A76E8 /* MovieCell.swift in Sources */,
			);
			runOnlyForDeploymentPostprocessing = 0;
		};
/* End PBXSourcesBuildPhase section */

/* Begin PBXVariantGroup section */
		E786AA431F4C439B004A76E8 /* LaunchScreen.storyboard */ = {
			isa = PBXVariantGroup;
			children = (
				E786AA441F4C439B004A76E8 /* Base */,
			);
			name = LaunchScreen.storyboard;
			sourceTree = "<group>";
		};
/* End PBXVariantGroup section */

/* Begin XCBuildConfiguration section */
		E786AA471F4C439B004A76E8 /* Debug */ = {
			isa = XCBuildConfiguration;
			buildSettings = {
				ALWAYS_SEARCH_USER_PATHS = NO;
				CLANG_ANALYZER_NONNULL = YES;
				CLANG_CXX_LANGUAGE_STANDARD = "gnu++0x";
				CLANG_CXX_LIBRARY = "libc++";
				CLANG_ENABLE_MODULES = YES;
				CLANG_ENABLE_OBJC_ARC = YES;
				CLANG_WARN_BOOL_CONVERSION = YES;
				CLANG_WARN_CONSTANT_CONVERSION = YES;
				CLANG_WARN_DIRECT_OBJC_ISA_USAGE = YES_ERROR;
				CLANG_WARN_DOCUMENTATION_COMMENTS = YES;
				CLANG_WARN_EMPTY_BODY = YES;
				CLANG_WARN_ENUM_CONVERSION = YES;
				CLANG_WARN_INFINITE_RECURSION = YES;
				CLANG_WARN_INT_CONVERSION = YES;
				CLANG_WARN_OBJC_ROOT_CLASS = YES_ERROR;
				CLANG_WARN_SUSPICIOUS_MOVE = YES;
				CLANG_WARN_UNREACHABLE_CODE = YES;
				CLANG_WARN__DUPLICATE_METHOD_MATCH = YES;
				"CODE_SIGN_IDENTITY[sdk=iphoneos*]" = "iPhone Developer";
				COPY_PHASE_STRIP = NO;
				DEBUG_INFORMATION_FORMAT = dwarf;
				ENABLE_STRICT_OBJC_MSGSEND = YES;
				ENABLE_TESTABILITY = YES;
				GCC_C_LANGUAGE_STANDARD = gnu99;
				GCC_DYNAMIC_NO_PIC = NO;
				GCC_NO_COMMON_BLOCKS = YES;
				GCC_OPTIMIZATION_LEVEL = 0;
				GCC_PREPROCESSOR_DEFINITIONS = (
					"DEBUG=1",
					"$(inherited)",
				);
				GCC_WARN_64_TO_32_BIT_CONVERSION = YES;
				GCC_WARN_ABOUT_RETURN_TYPE = YES_ERROR;
				GCC_WARN_UNDECLARED_SELECTOR = YES;
				GCC_WARN_UNINITIALIZED_AUTOS = YES_AGGRESSIVE;
				GCC_WARN_UNUSED_FUNCTION = YES;
				GCC_WARN_UNUSED_VARIABLE = YES;
				IPHONEOS_DEPLOYMENT_TARGET = 10.2;
				MTL_ENABLE_DEBUG_INFO = YES;
				ONLY_ACTIVE_ARCH = YES;
				SDKROOT = iphoneos;
				SWIFT_ACTIVE_COMPILATION_CONDITIONS = DEBUG;
				SWIFT_OPTIMIZATION_LEVEL = "-Onone";
				TARGETED_DEVICE_FAMILY = "1,2";
			};
			name = Debug;
		};
		E786AA481F4C439B004A76E8 /* Release */ = {
			isa = XCBuildConfiguration;
			buildSettings = {
				ALWAYS_SEARCH_USER_PATHS = NO;
				CLANG_ANALYZER_NONNULL = YES;
				CLANG_CXX_LANGUAGE_STANDARD = "gnu++0x";
				CLANG_CXX_LIBRARY = "libc++";
				CLANG_ENABLE_MODULES = YES;
				CLANG_ENABLE_OBJC_ARC = YES;
				CLANG_WARN_BOOL_CONVERSION = YES;
				CLANG_WARN_CONSTANT_CONVERSION = YES;
				CLANG_WARN_DIRECT_OBJC_ISA_USAGE = YES_ERROR;
				CLANG_WARN_DOCUMENTATION_COMMENTS = YES;
				CLANG_WARN_EMPTY_BODY = YES;
				CLANG_WARN_ENUM_CONVERSION = YES;
				CLANG_WARN_INFINITE_RECURSION = YES;
				CLANG_WARN_INT_CONVERSION = YES;
				CLANG_WARN_OBJC_ROOT_CLASS = YES_ERROR;
				CLANG_WARN_SUSPICIOUS_MOVE = YES;
				CLANG_WARN_UNREACHABLE_CODE = YES;
				CLANG_WARN__DUPLICATE_METHOD_MATCH = YES;
				"CODE_SIGN_IDENTITY[sdk=iphoneos*]" = "iPhone Developer";
				COPY_PHASE_STRIP = NO;
				DEBUG_INFORMATION_FORMAT = "dwarf-with-dsym";
				ENABLE_NS_ASSERTIONS = NO;
				ENABLE_STRICT_OBJC_MSGSEND = YES;
				GCC_C_LANGUAGE_STANDARD = gnu99;
				GCC_NO_COMMON_BLOCKS = YES;
				GCC_WARN_64_TO_32_BIT_CONVERSION = YES;
				GCC_WARN_ABOUT_RETURN_TYPE = YES_ERROR;
				GCC_WARN_UNDECLARED_SELECTOR = YES;
				GCC_WARN_UNINITIALIZED_AUTOS = YES_AGGRESSIVE;
				GCC_WARN_UNUSED_FUNCTION = YES;
				GCC_WARN_UNUSED_VARIABLE = YES;
				IPHONEOS_DEPLOYMENT_TARGET = 10.2;
				MTL_ENABLE_DEBUG_INFO = NO;
				SDKROOT = iphoneos;
				SWIFT_OPTIMIZATION_LEVEL = "-Owholemodule";
				TARGETED_DEVICE_FAMILY = "1,2";
				VALIDATE_PRODUCT = YES;
			};
			name = Release;
		};
		E786AA4A1F4C439B004A76E8 /* Debug */ = {
			isa = XCBuildConfiguration;
			baseConfigurationReference = F527242BC564A47F5BAD67C4 /* Pods-MovieList.debug.xcconfig */;
			buildSettings = {
				ASSETCATALOG_COMPILER_APPICON_NAME = AppIcon;
				DEVELOPMENT_TEAM = T4X24HGEFA;
				INFOPLIST_FILE = MovieList/Info.plist;
				LD_RUNPATH_SEARCH_PATHS = "$(inherited) @executable_path/Frameworks";
				PRODUCT_BUNDLE_IDENTIFIER = MovieList.MovieList;
				PRODUCT_NAME = "$(TARGET_NAME)";
				SWIFT_VERSION = 3.0;
			};
			name = Debug;
		};
		E786AA4B1F4C439B004A76E8 /* Release */ = {
			isa = XCBuildConfiguration;
			baseConfigurationReference = F86CFA5071992A6FA7A74E32 /* Pods-MovieList.release.xcconfig */;
			buildSettings = {
				ASSETCATALOG_COMPILER_APPICON_NAME = AppIcon;
				DEVELOPMENT_TEAM = T4X24HGEFA;
				INFOPLIST_FILE = MovieList/Info.plist;
				LD_RUNPATH_SEARCH_PATHS = "$(inherited) @executable_path/Frameworks";
				PRODUCT_BUNDLE_IDENTIFIER = MovieList.MovieList;
				PRODUCT_NAME = "$(TARGET_NAME)";
				SWIFT_VERSION = 3.0;
			};
			name = Release;
		};
/* End XCBuildConfiguration section */

/* Begin XCConfigurationList section */
		E786AA321F4C439B004A76E8 /* Build configuration list for PBXProject "MovieList" */ = {
			isa = XCConfigurationList;
			buildConfigurations = (
				E786AA471F4C439B004A76E8 /* Debug */,
				E786AA481F4C439B004A76E8 /* Release */,
			);
			defaultConfigurationIsVisible = 0;
			defaultConfigurationName = Release;
		};
		E786AA491F4C439B004A76E8 /* Build configuration list for PBXNativeTarget "MovieList" */ = {
			isa = XCConfigurationList;
			buildConfigurations = (
				E786AA4A1F4C439B004A76E8 /* Debug */,
				E786AA4B1F4C439B004A76E8 /* Release */,
			);
			defaultConfigurationIsVisible = 0;
			defaultConfigurationName = Release;
		};
/* End XCConfigurationList section */
	};
	rootObject = E786AA2F1F4C439B004A76E8 /* Project object */;
}
